
Microsoft Visual Studio Solution File, Format Version 12.00
# Visual Studio Version 17
VisualStudioVersion = 17.2.32630.192
MinimumVisualStudioVersion = 10.0.40219.1
Project("{9A19103F-16F7-4668-BE54-9A1E7A4F7556}") = "innovation week", "innovation week\innovation week.csproj", "{A5B41892-00C5-4304-92C3-1EEF2C78206B}"
EndProject
Project("{FAE04EC0-301F-11D3-BF4B-00C04F79EFBC}") = "Exercisse_01", "Exercisse_01\Exercisse_01.csproj", "{F27534DD-ABE4-4A4C-A9EF-80B9164F5F3E}"
EndProject
Global
	GlobalSection(SolutionConfigurationPlatforms) = preSolution
		Debug|Any CPU = Debug|Any CPU
		Release|Any CPU = Release|Any CPU
	EndGlobalSection
	GlobalSection(ProjectConfigurationPlatforms) = postSolution
		{A5B41892-00C5-4304-92C3-1EEF2C78206B}.Debug|Any CPU.ActiveCfg = Debug|Any CPU
		{A5B41892-00C5-4304-92C3-1EEF2C78206B}.Debug|Any CPU.Build.0 = Debug|Any CPU
		{A5B41892-00C5-4304-92C3-1EEF2C78206B}.Release|Any CPU.ActiveCfg = Release|Any CPU
		{A5B41892-00C5-4304-92C3-1EEF2C78206B}.Release|Any CPU.Build.0 = Release|Any CPU
		{F27534DD-ABE4-4A4C-A9EF-80B9164F5F3E}.Debug|Any CPU.ActiveCfg = Debug|Any CPU
		{F27534DD-ABE4-4A4C-A9EF-80B9164F5F3E}.Debug|Any CPU.Build.0 = Debug|Any CPU
		{F27534DD-ABE4-4A4C-A9EF-80B9164F5F3E}.Release|Any CPU.ActiveCfg = Release|Any CPU
		{F27534DD-ABE4-4A4C-A9EF-80B9164F5F3E}.Release|Any CPU.Build.0 = Release|Any CPU
	EndGlobalSection
	GlobalSection(SolutionProperties) = preSolution
		HideSolutionNode = FALSE
	EndGlobalSection
	GlobalSection(ExtensibilityGlobals) = postSolution
		SolutionGuid = {EE7696D3-5A30-4809-88D3-51C1B3182327}
	EndGlobalSection
EndGlobal
